
Microsoft Visual Studio Solution File, Format Version 12.00
# Visual Studio Version 17
VisualStudioVersion = 17.10.35013.160
MinimumVisualStudioVersion = 10.0.40219.1
Project("{FAE04EC0-301F-11D3-BF4B-00C04F79EFBC}") = "Projeto CRUD", "Projeto CRUD\Projeto CRUD.csproj", "{5B01FCAA-7C56-4E1E-AA30-F4B711D2BE93}"
EndProject
Global
	GlobalSection(SolutionConfigurationPlatforms) = preSolution
		Debug|Any CPU = Debug|Any CPU
		Release|Any CPU = Release|Any CPU
	EndGlobalSection
	GlobalSection(ProjectConfigurationPlatforms) = postSolution
		{5B01FCAA-7C56-4E1E-AA30-F4B711D2BE93}.Debug|Any CPU.ActiveCfg = Debug|Any CPU
		{5B01FCAA-7C56-4E1E-AA30-F4B711D2BE93}.Debug|Any CPU.Build.0 = Debug|Any CPU
		{5B01FCAA-7C56-4E1E-AA30-F4B711D2BE93}.Release|Any CPU.ActiveCfg = Release|Any CPU
		{5B01FCAA-7C56-4E1E-AA30-F4B711D2BE93}.Release|Any CPU.Build.0 = Release|Any CPU
	EndGlobalSection
	GlobalSection(SolutionProperties) = preSolution
		HideSolutionNode = FALSE
	EndGlobalSection
	GlobalSection(ExtensibilityGlobals) = postSolution
		SolutionGuid = {BA868A42-2B9E-42CC-B831-F9BD98BC3010}
	EndGlobalSection
EndGlobal
